github.com/bettercap/readline v0.0.0-20210228151553-655e48bcb7bf h1:pwGPRc5PIp4KCF9QbKn0iLVMhfigUMw4IzGZEZ81m1I=
github.com/bettercap/readline v0.0.0-20210228151553-655e48bcb7bf/go.mod h1:03rWiUf60r1miMVzMEtgtkq7RdZniecZFw3/Zgvyxcs=
github.com/chzyer/logex v1.2.1 h1:XHDu3E6q+gdHgsdTPH6ImJMIp436vR6MPtH8gP05QzM=
github.com/chzyer/logex v1.2.1/go.mod h1:JLbx6lG2kDbNRFnfkgvh4eRJRPX1QCoOIWomwysCBrQ=
github.com/chzyer/test v1.0.0 h1:p3BQDXSxOhOG0P9z6/hGnII4LGiEPOYBhs8asl/fC04=
github.com/chzyer/test v1.0.0/go.mod h1:2JlltgoNkt4TW/z9V/IzDdFaMTM2JPIi26O1pF38GC8=
github.com/dustin/go-humanize v1.0.1 h1:GzkhY7T5VNhEkwH0PVJgjz+fX1rhBrR7pRT3mDkpeCY=
github.com/dustin/go-humanize v1.0.1/go.mod h1:Mu1zIs6XwVuF/gI1OepvI0qD18qycQx+mFykh5fBlto=
github.com/evilsocket/islazy v1.11.0 h1:B5w6uuS6ki6iDG+aH/RFeoMb8ijQh/pGabewqp2UeJ0=
github.com/evilsocket/islazy v1.11.0/go.mod h1:muYH4x5MB5YRdkxnrOtrXLIBX6LySj1uFIqys94LKdo=
github.com/gobwas/glob v0.0.0-20181002190808-e7a84e9525fe h1:8P+/htb3mwwpeGdJg69yBF/RofK7c6Fjz5Ypa/bTqbY=
github.com/gobwas/glob v0.0.0-20181002190808-e7a84e9525fe/go.mod h1:d3Ez4x06l9bZtSvzIay5+Yzi0fmZzPgnTbPcKjJAkT8=
github.com/google/go-cmp v0.7.0 h1:wk8382ETsv4JYUZwIsn6YpYiWiBsYLSJiTsyBybVuN8=
github.com/google/go-cmp v0.7.0/go.mod h1:pXiqmnSA92OHEEa9HXL2W4E7lf9JzCmGVUdgjX3N/iU=
github.com/gopacket/gopacket v1.6.1 h1:S19Ok/KVGDFNHVW2uCva5U0vZ+uHqiZQdxteL50v6Ak=
github.com/gopacket/gopacket v1.6.1/go.mod h1:i3NaGaqfoWKAr1+g7qxEdWsmfT+MXuWkAe9+THv8LME=
github.com/mdlayher/genetlink v1.4.0 h1:f/Xs7Y2T+GyX9b3dbiUhnLE9InGs5F9RxJ2JwBMl71o=
github.com/mdlayher/genetlink v1.4.0/go.mod h1:d1hrKr8fwZU2JkcAtQUAzeTrI7nbgQSl+5k1cC0biSA=
github.com/mdlayher/netlink v1.9.0 h1:G8+GLq2x3v4D4MVIqDdNUhTUC7TKiCy/6MDkmItfKco=
github.com/mdlayher/netlink v1.9.0/go.mod h1:YBnl5BXsCoRuwBjKKlZ+aYmEoq0r12FDA/3JC+94KDg=
github.com/mdlayher/socket v0.6.0 h1:ScZPaAGyO1icQnbFrhPM8mnXyMu9qukC1K4ZoM2IQKU=
github.com/mdlayher/socket v0.6.0/go.mod h1:q7vozUAnxSqnjHc12Fik5yUKIzfZ8ITCfMkhOtE9z18=
github.com/vishvananda/netlink v1.1.0 h1:1iyaYNBLmP6L0220aDnYQpo1QEV4t4hJ+xEEhhJH8j0=
github.com/vishvananda/netlink v1.1.0/go.mod h1:cTgwzPIzzgDAYoQrMm0EdrjRUBkTqKYppBueQtXaqoE=
github.com/vishvananda/netns v0.0.0-20211101163701-50045581ed74 h1:gga7acRE695APm9hlsSMoOoE65U4/TcqNj90mc69Rlg=
github.com/vishvananda/netns v0.0.0-20211101163701-50045581ed74/go.mod h1:DD4vA1DwXk04H54A1oHXtwZmA0grkVMdPxx/VGLCah0=
golang.org/x/net v0.56.0 h1:Rw8j/hFzGvJUZwNBXnAtf5sVDVt+65SK2C7IxCxZt5o=
golang.org/x/net v0.56.0/go.mod h1:D3Ku6r+V6JROoZK144D2XfMHFcMq/0zSfLelVTCFKec=
golang.org/x/sync v0.21.0 h1:HLII4xRRTtCRkxYp4HNFF0Js/Og6q2i++KXbg0gHCwM=
golang.org/x/sync v0.21.0/go.mod h1:9xrNwdLfx4jkKbNva9FpL6vEN7evnE43NNNJQ2LF3+0=
golang.org/x/sys v0.46.0 h1:noSf2Fq6F8DBgS+LysIkx7rIExoNHJsxOAtPp4rthXw=
golang.org/x/sys v0.46.0/go.mod h1:4GL1E5IUh+htKOUEOaiffhrAeqysfVGipDYzABqnCmw=
